
Microsoft Visual Studio Solution File, Format Version 12.00
# Visual Studio Version 17
VisualStudioVersion = 17.6.33815.320
MinimumVisualStudioVersion = 10.0.40219.1
Project("{FAE04EC0-301F-11D3-BF4B-00C04F79EFBC}") = "Bookstore", "Bookstore\Bookstore.csproj", "{594705F4-F61A-402D-9E58-E88AE54BE8E8}"
EndProject
Global
	GlobalSection(SolutionConfigurationPlatforms) = preSolution
		Debug|Any CPU = Debug|Any CPU
		Release|Any CPU = Release|Any CPU
	EndGlobalSection
	GlobalSection(ProjectConfigurationPlatforms) = postSolution
		{594705F4-F61A-402D-9E58-E88AE54BE8E8}.Debug|Any CPU.ActiveCfg = Debug|Any CPU
		{594705F4-F61A-402D-9E58-E88AE54BE8E8}.Debug|Any CPU.Build.0 = Debug|Any CPU
		{594705F4-F61A-402D-9E58-E88AE54BE8E8}.Release|Any CPU.ActiveCfg = Release|Any CPU
		{594705F4-F61A-402D-9E58-E88AE54BE8E8}.Release|Any CPU.Build.0 = Release|Any CPU
	EndGlobalSection
	GlobalSection(SolutionProperties) = preSolution
		HideSolutionNode = FALSE
	EndGlobalSection
	GlobalSection(ExtensibilityGlobals) = postSolution
		SolutionGuid = {DD303448-5E08-4BC8-B0BE-D47118FCBD6F}
	EndGlobalSection
EndGlobal
